bitbucket.org/creachadair/stringset v0.0.5 h1:30tjoubbPMW4WDfObeby7U00dLvKBRVRyoz4kPEEICI=
bitbucket.org/creachadair/stringset v0.0.5/go.mod h1:Sh09n+mAanyIbrkX0MICAEZcqXVbuFi8L0P/dbrhH2A=
bitbucket.org/creachadair/vql v0.0.14 h1:qEBDRpUfOfjoyMF8fNILZBZJYAa1a+0tNAAz6WMUSx4=
bitbucket.org/creachadair/vql v0.0.14/go.mod h1:tEBw5z3/ibTARkItJ3iynFhtHqkpEhckAQu7NOUF9Y0=
github.com/google/go-cmp v0.3.0 h1:crn/baboCvb5fXaQ0IJ1SGTsTVrWpDsCWC8EGETZijY=
github.com/google/go-cmp v0.3.0/go.mod h1:8QqcDgzrUqlUb/G2PQTWiueGozuR1884gddMywk6iLU=
