bitbucket.org/creachadair/shell v0.0.8 h1:3yM6JcAfaGWzjzcCamTblzSIWXm/YSs0PFGIzBm2HTo=
bitbucket.org/creachadair/shell v0.0.8/go.mod h1:vINzudofoUXZSJ5tREgpy+Etyjsag3ait5WOWImEVZ0=
github.com/creachadair/atomicfile v0.3.3 h1:yJlDq8qk9QmD/6ol+jq1X4bcoLNVdYq95+owOnauziE=
github.com/creachadair/atomicfile v0.3.3/go.mod h1:X1r9P4wigJlGkYJO1HXZREdkVn+b1yHrsBBMLSj7tak=
github.com/creachadair/command v0.1.7 h1:/Uchg71sMxTgZKQaOH6cFu7mH/DHqIA0WprOWCDKGD8=
github.com/creachadair/command v0.1.7/go.mod h1:YKwUE49nAi8qxLl8jCQ0GMPvwdxmIBkJW3LqxgZ7ljk=
github.com/creachadair/mds v0.9.0 h1:ICNLVl8jus73yclR9RGeq/q/7rqWdDfNVAl2hNVIRBc=
github.com/creachadair/mds v0.9.0/go.mod h1:4vrFYUzTXMJpMBU+OA292I6IUxKWCCfZkgXg+/kBZMo=
github.com/creachadair/mtest v0.0.0-20231015022703-31f2ea539dce h1:BFjvg2Oq88/2DOcUFu1ScIwKUn7KJYYvLr6AeuCJD54=
github.com/creachadair/mtest v0.0.0-20231015022703-31f2ea539dce/go.mod h1:okn1ft6DY+qjPmnvYynyq7ufIQKJ2x2qwOCJZecei1k=
github.com/google/go-cmp v0.6.0 h1:ofyhxvXcZhMsU5ulbFiLKl/XBFqE1GSq7atu8tAmTRI=
github.com/google/go-cmp v0.6.0/go.mod h1:17dUlkBOakJ0+DkrSSNjCkIjxS6bF9zb3elmeNGIjoY=
github.com/tdewolff/minify/v2 v2.20.16 h1:/C8dtRkxLTIyUlKlBz46gDiktCrE8a6+c1gTrnPFz+U=
github.com/tdewolff/minify/v2 v2.20.16/go.mod h1:/FvxV9KaTrFu35J9I2FhRvWSBxcHj8sDSdwBFh5voxM=
github.com/tdewolff/parse/v2 v2.7.11 h1:v+W45LnzmjndVlfqPCT5gGjAAZKd1GJGOPJveTIkBY8=
github.com/tdewolff/parse/v2 v2.7.11/go.mod h1:3FbJWZp3XT9OWVN3Hmfp0p/a08v4h8J9W1aghka0soA=
github.com/tdewolff/test v1.0.11-0.20231101010635-f1265d231d52/go.mod h1:6DAvZliBAAnD7rhVgwaM7DE5/d9NMOAJ09SqYqeK4QE=
github.com/tdewolff/test v1.0.11-0.20240106005702-7de5f7df4739 h1:IkjBCtQOOjIn03u/dMQK9g+Iw9ewps4mCl1nB8Sscbo=
github.com/tdewolff/test v1.0.11-0.20240106005702-7de5f7df4739/go.mod h1:XPuWBzvdUzhCuxWO1ojpXsyzsA5bFoS3tO/Q3kFuTG8=
