bitbucket.org/creachadair/atomicfile v0.1.0 h1:yR1GIhzTqFttgkwuVPP5eVfT2zQMiWqlORQFO1bggLY=
bitbucket.org/creachadair/atomicfile v0.1.0/go.mod h1:afm1w1sVyLuvRzciYQQVQiPWIlhwjYgDUhspvHMG4/w=
bitbucket.org/creachadair/ffs v0.0.0-20190605141519-e2c7b45d0562 h1:F2VNdvZfRs1j61y10fS196+FtdLcz+MfSSZPHTErreU=
bitbucket.org/creachadair/ffs v0.0.0-20190605141519-e2c7b45d0562/go.mod h1:6xd1UxVVXIvVruoRIsUZDYs5zPAvGVT6MzaRNHos0Lw=
bitbucket.org/creachadair/getpass v0.0.2 h1:0sv0P7lFb1KK/Vg6/PKRy5/mEDP4+DawsP8qM2hTJ6c=
bitbucket.org/creachadair/getpass v0.0.2/go.mod h1:/MCNdfWnl5p3BYJdgmDRcevHiOCovCWNefh6EaN6LpY=
bitbucket.org/creachadair/keyfile v0.0.6 h1:vCpmgc9usST8odII4rNKoHzqj4MB/QbOnsuohObDuNk=
bitbucket.org/creachadair/keyfile v0.0.6/go.mod h1:Re4Jju3cqtpeaIQun4+qO6pQTTwisahG5RWrmD4z9ZE=
bitbucket.org/creachadair/shell v0.0.5 h1:OZvECJl/+hhmLskrBOrodFr4mhpH7C/UO5zEWGjnUW8=
bitbucket.org/creachadair/shell v0.0.5/go.mod h1:8Qqi/cYk7vPnsOePHroKXDJYmb5x7ENhtiFtfZq8K+M=
bitbucket.org/creachadair/shell v0.0.6 h1:reJflDbKqnlnqb4Oo2pQ1/BqmY/eCWcNGHrIUO8qIzc=
bitbucket.org/creachadair/shell v0.0.6/go.mod h1:8Qqi/cYk7vPnsOePHroKXDJYmb5x7ENhtiFtfZq8K+M=
bitbucket.org/creachadair/stringset v0.0.5 h1:30tjoubbPMW4WDfObeby7U00dLvKBRVRyoz4kPEEICI=
bitbucket.org/creachadair/stringset v0.0.5/go.mod h1:Sh09n+mAanyIbrkX0MICAEZcqXVbuFi8L0P/dbrhH2A=
bitbucket.org/creachadair/vocab v0.0.2 h1:Ze1UwBlI8FE3GC7+bqks24s0yHHwNzelZ26CcaW4lvA=
bitbucket.org/creachadair/vocab v0.0.2/go.mod h1:J6vb+l4PZ5gMKMhkIHpmtD+8wKdXqHgAo0tb4BQt954=
bitbucket.org/creachadair/vql v0.0.17 h1:FnudmKF7lvFkND89HZm/7DazRBDr8+c92UrBk/UCRvk=
bitbucket.org/creachadair/vql v0.0.17/go.mod h1:tEBw5z3/ibTARkItJ3iynFhtHqkpEhckAQu7NOUF9Y0=
github.com/golang/protobuf v1.3.1 h1:YF8+flBXS5eO826T4nzqPrxfhQThhXl0YzfuUPu4SBg=
github.com/golang/protobuf v1.3.1/go.mod h1:6lQm79b+lXiMfvg/cZm0SGofjICqVBUtrP5yJMmIC1U=
github.com/golang/snappy v0.0.1 h1:Qgr9rKW7uDUkrbSmQeiDsGa8SjGyCOGtuasMWwvp2P4=
github.com/golang/snappy v0.0.1/go.mod h1:/XxbfmMg8lxefKM7IXC3fBNl/7bRcc72aCRzEWrmP2Q=
github.com/google/go-cmp v0.3.0 h1:crn/baboCvb5fXaQ0IJ1SGTsTVrWpDsCWC8EGETZijY=
github.com/google/go-cmp v0.3.0/go.mod h1:8QqcDgzrUqlUb/G2PQTWiueGozuR1884gddMywk6iLU=
golang.org/x/crypto v0.0.0-20190308221718-c2843e01d9a2/go.mod h1:djNgcEr1/C05ACkg1iLfiJU5Ep61QUkGW8qpdssI0+w=
golang.org/x/crypto v0.0.0-20190513172903-22d7a77e9e5f h1:R423Cnkcp5JABoeemiGEPlt9tHXFfw5kvc0yqlxRPWo=
golang.org/x/crypto v0.0.0-20190513172903-22d7a77e9e5f/go.mod h1:yigFU9vqHzYiE8UmvKecakEJjdnWj3jj499lnFckfCI=
golang.org/x/crypto v0.0.0-20190605123033-f99c8df09eb5 h1:58fnuSXlxZmFdJyvtTFVmVhcMLU6v5fEb/ok4wyqtNU=
golang.org/x/crypto v0.0.0-20190605123033-f99c8df09eb5/go.mod h1:yigFU9vqHzYiE8UmvKecakEJjdnWj3jj499lnFckfCI=
golang.org/x/net v0.0.0-20190404232315-eb5bcb51f2a3/go.mod h1:t9HGtf8HONx5eT2rtn7q6eTqICYqUVnKs3thJo3Qplg=
golang.org/x/sys v0.0.0-20181221143128-b4a75ba826a6/go.mod h1:STP8DvDyc/dI5b8T5hshtkjS+E42TnysNCUPdjciGhY=
golang.org/x/sys v0.0.0-20190215142949-d0b11bdaac8a/go.mod h1:STP8DvDyc/dI5b8T5hshtkjS+E42TnysNCUPdjciGhY=
golang.org/x/sys v0.0.0-20190412213103-97732733099d h1:+R4KGOnez64A81RvjARKc4UT5/tI9ujCIVX+P5KiHuI=
golang.org/x/sys v0.0.0-20190412213103-97732733099d/go.mod h1:h1NjWce9XRLGQEsW7wpKNCjG9DtNlClVuFLEZdDNbEs=
golang.org/x/sys v0.0.0-20190602015325-4c4f7f33c9ed h1:uPxWBzB3+mlnjy9W58qY1j/cjyFjutgw/Vhan2zLy/A=
golang.org/x/sys v0.0.0-20190602015325-4c4f7f33c9ed/go.mod h1:h1NjWce9XRLGQEsW7wpKNCjG9DtNlClVuFLEZdDNbEs=
golang.org/x/text v0.3.0/go.mod h1:NqM8EUOU14njkJ3fqMW+pc6Ldnwhi/IjpwHt7yyuwOQ=
golang.org/x/xerrors v0.0.0-20190513163551-3ee3066db522 h1:bhOzK9QyoD0ogCnFro1m2mz41+Ib0oOhfJnBp5MR4K4=
golang.org/x/xerrors v0.0.0-20190513163551-3ee3066db522/go.mod h1:I/5z698sn9Ka8TeJc9MKroUUfqBBauWjQqLJ2OPfmY0=
